{
  "version": 4,
  "terraform_version": "1.3.4",
  "serial": 28,
  "lineage": "cb62b973-0ad8-d7cb-6087-dcf6472ad901",
  "outputs": {},
  "resources": [
    {
      "mode": "managed",
      "type": "google_dialogflow_cx_agent",
      "name": "default",
      "provider": "provider[\"registry.terraform.io/hashicorp/google\"]",
      "instances": [
        {
          "schema_version": 0,
          "attributes": {
            "avatar_uri": "https://cloud.google.com/_static/images/cloud/icons/favicons/onecloud/super_cloud.png",
            "default_language_code": "en",
            "description": "Example description.",
            "display_name": "dialogflowcx-agent",
            "enable_spell_correction": true,
            "enable_stackdriver_logging": true,
            "id": "projects/dialogflow-371521/locations/us-east1/agents/71a127f4-46a9-43ee-89b1-a82cdbf942ef",
            "location": "us-east1",
            "name": "71a127f4-46a9-43ee-89b1-a82cdbf942ef",
            "project": "dialogflow-371521",
            "security_settings": "",
            "speech_to_text_settings": [
              {
                "enable_speech_adaptation": true
              }
            ],
            "start_flow": "projects/dialogflow-371521/locations/us-east1/agents/71a127f4-46a9-43ee-89b1-a82cdbf942ef/flows/00000000-0000-0000-0000-000000000000",
            "supported_language_codes": [
              "fr",
              "de",
              "es"
            ],
            "time_zone": "America/New_York",
            "timeouts": {
              "create": null,
              "delete": null,
              "update": null
            }
          },
          "sensitive_attributes": [],
          "private": "eyJlMmJmYjczMC1lY2FhLTExZTYtOGY4OC0zNDM2M2JjN2M0YzAiOnsiY3JlYXRlIjoyNDAwMDAwMDAwMDAwLCJkZWxldGUiOjEyMDAwMDAwMDAwMDAsInVwZGF0ZSI6MjQwMDAwMDAwMDAwMH19"
        }
      ]
    },
    {
      "mode": "managed",
      "type": "google_dialogflow_cx_flow",
      "name": "default",
      "provider": "provider[\"registry.terraform.io/hashicorp/google\"]",
      "instances": [
        {
          "schema_version": 0,
          "attributes": {
            "description": "A start flow created along with the agent",
            "display_name": "Default Start Flow",
            "event_handlers": [
              {
                "event": "sys.no-match-default",
                "name": "79db7129-d951-43e0-a6ba-7f05bc8b2444",
                "target_flow": "",
                "target_page": "",
                "trigger_fulfillment": [
                  {
                    "messages": [
                      {
                        "text": [
                          {
                            "allow_playback_interruption": false,
                            "text": [
                              "I didn't get that. Can you say it again?",
                              "I missed what you said. What was that?",
                              "Sorry, could you say that again?",
                              "Sorry, can you say that again?",
                              "Can you say that again?",
                              "Sorry, I didn't get that. Can you rephrase?",
                              "Sorry, what was that?",
                              "One more time?",
                              "What was that?",
                              "Say that one more time?",
                              "I didn't get that. Can you repeat?",
                              "I missed that, say that again?"
                            ]
                          }
                        ]
                      }
                    ],
                    "return_partial_responses": false,
                    "tag": "",
                    "webhook": ""
                  }
                ]
              },
              {
                "event": "sys.no-input-default",
                "name": "0be95c74-231c-49f3-bb12-f9b4ea6f362b",
                "target_flow": "",
                "target_page": "",
                "trigger_fulfillment": [
                  {
                    "messages": [
                      {
                        "text": [
                          {
                            "allow_playback_interruption": false,
                            "text": [
                              "I didn't get that. Can you say it again?",
                              "I missed what you said. What was that?",
                              "Sorry, could you say that again?",
                              "Sorry, can you say that again?",
                              "Can you say that again?",
                              "Sorry, I didn't get that. Can you rephrase?",
                              "Sorry, what was that?",
                              "One more time?",
                              "What was that?",
                              "Say that one more time?",
                              "I didn't get that. Can you repeat?",
                              "I missed that, say that again?"
                            ]
                          }
                        ]
                      }
                    ],
                    "return_partial_responses": false,
                    "tag": "",
                    "webhook": ""
                  }
                ]
              }
            ],
            "id": "projects/dialogflow-371521/locations/us-east1/agents/71a127f4-46a9-43ee-89b1-a82cdbf942ef/flows/00000000-0000-0000-0000-000000000000",
            "language_code": "",
            "name": "00000000-0000-0000-0000-000000000000",
            "nlu_settings": [
              {
                "classification_threshold": 0.3,
                "model_training_mode": "",
                "model_type": "MODEL_TYPE_STANDARD"
              }
            ],
            "parent": "projects/dialogflow-371521/locations/us-east1/agents/71a127f4-46a9-43ee-89b1-a82cdbf942ef",
            "timeouts": {
              "create": null,
              "delete": null,
              "update": null
            },
            "transition_route_groups": [],
            "transition_routes": [
              {
                "condition": "",
                "intent": "projects/dialogflow-371521/locations/us-east1/agents/71a127f4-46a9-43ee-89b1-a82cdbf942ef/intents/00000000-0000-0000-0000-000000000000",
                "name": "d0b998fc-429f-4e55-ab39-e2dc22e97632",
                "target_flow": "",
                "target_page": "",
                "trigger_fulfillment": [
                  {
                    "messages": [
                      {
                        "text": [
                          {
                            "allow_playback_interruption": false,
                            "text": [
                              "Hi! I'm the virtual small talk agent. I can tell you a joke, tell you about myself or answer questions. You can also tell me about yourself or give me feedback.\nWhat can I help you with today?"
                            ]
                          }
                        ]
                      }
                    ],
                    "return_partial_responses": false,
                    "tag": "",
                    "webhook": ""
                  }
                ]
              },
              {
                "condition": "",
                "intent": "projects/dialogflow-371521/locations/us-east1/agents/71a127f4-46a9-43ee-89b1-a82cdbf942ef/intents/deb24824-d38f-43ce-8938-760b4f55ea12",
                "name": "c6bb2479-7e47-4cfe-b3ed-573a7907c2d1",
                "target_flow": "",
                "target_page": "projects/dialogflow-371521/locations/us-east1/agents/71a127f4-46a9-43ee-89b1-a82cdbf942ef/flows/00000000-0000-0000-0000-000000000000/pages/df20b17b-91ed-48df-9465-27eb234f21e5",
                "trigger_fulfillment": [
                  {
                    "messages": [
                      {
                        "text": [
                          {
                            "allow_playback_interruption": false,
                            "text": [
                              "Good morning! Hope you are well today. \nI'm the virtual small talk agent. I can tell you a joke, tell you about myself or answer questions. You can also tell me about yourself or give me feedback.\nWhat can I help you with?",
                              "Good morning! Hope your day is going well!\nI'm the virtual small talk agent. I can tell you a joke, tell you about myself or answer questions. You can also tell me about yourself or give me feedback.\nWhat can I help you with?",
                              "And a good morning to you!\nI'm the virtual small talk agent. I can tell you a joke, tell you about myself or answer questions. You can also tell me about yourself or give me feedback.\nWhat can I help you with?"
                            ]
                          }
                        ]
                      }
                    ],
                    "return_partial_responses": false,
                    "tag": "",
                    "webhook": ""
                  }
                ]
              },
              {
                "condition": "",
                "intent": "projects/dialogflow-371521/locations/us-east1/agents/71a127f4-46a9-43ee-89b1-a82cdbf942ef/intents/b56f10cd-29b4-4b9f-98f5-afb73d1ad913",
                "name": "68b7e684-7747-45b5-a9f4-bdebd52bdf40",
                "target_flow": "",
                "target_page": "projects/dialogflow-371521/locations/us-east1/agents/71a127f4-46a9-43ee-89b1-a82cdbf942ef/flows/00000000-0000-0000-0000-000000000000/pages/df20b17b-91ed-48df-9465-27eb234f21e5",
                "trigger_fulfillment": [
                  {
                    "messages": [
                      {
                        "text": [
                          {
                            "allow_playback_interruption": false,
                            "text": [
                              "Good evening! How is your day going?\nI'm the virtual small talk agent. I can tell you a joke, tell you about myself or answer questions. You can also tell me about yourself or give me feedback.\nWhat can I help you with today?",
                              "Good evening! How's the day treating you so far?\nI'm the virtual small talk agent. I can tell you a joke, tell you about myself or answer questions. You can also tell me about yourself or give me feedback.\nWhat can I help you with today?",
                              "Good evening! How's your day been?\nI'm the virtual small talk agent. I can tell you a joke, tell you about myself or answer questions. You can also tell me about yourself or give me feedback.\nWhat can I help you with today?"
                            ]
                          }
                        ]
                      }
                    ],
                    "return_partial_responses": false,
                    "tag": "",
                    "webhook": ""
                  }
                ]
              },
              {
                "condition": "",
                "intent": "projects/dialogflow-371521/locations/us-east1/agents/71a127f4-46a9-43ee-89b1-a82cdbf942ef/intents/9832593b-3df1-4702-a763-429550d8fa1c",
                "name": "58df7658-38e1-42be-b148-a5616d793dea",
                "target_flow": "",
                "target_page": "projects/dialogflow-371521/locations/us-east1/agents/71a127f4-46a9-43ee-89b1-a82cdbf942ef/flows/00000000-0000-0000-0000-000000000000/pages/df20b17b-91ed-48df-9465-27eb234f21e5",
                "trigger_fulfillment": [
                  {
                    "messages": [
                      {
                        "text": [
                          {
                            "allow_playback_interruption": false,
                            "text": [
                              "Hi there, friend!\nI'm the virtual small talk agent. I can tell you a joke, tell you about myself or answer questions. You can also tell me about yourself or give me feedback.\nWhat can I help you with today?",
                              "Hi! \nI'm the virtual small talk agent. I can tell you a joke, tell you about myself or answer questions. You can also tell me about yourself or give me feedback.\nWhat can I help you with today?",
                              "Hey there! \nI'm the virtual small talk agent. I can tell you a joke, tell you about myself or answer questions. You can also tell me about yourself or give me feedback.\nWhat can I help you with today?",
                              "Hey! \nI'm the virtual small talk agent. I can tell you a joke, tell you about myself or answer questions. You can also tell me about yourself or give me feedback.\nWhat can I help you with today?",
                              "Good day! \nI'm the virtual small talk agent. I can tell you a joke, tell you about myself or answer questions. You can also tell me about yourself or give me feedback.\nWhat can I help you with today?",
                              "Hello!\nI'm the virtual small talk agent. I can tell you a joke, tell you about myself or answer questions. You can also tell me about yourself or give me feedback.\nWhat can I help you with today?",
                              "Greetings! \nI'm the virtual small talk agent. I can tell you a joke, tell you about myself or answer questions. You can also tell me about yourself or give me feedback.\nWhat can I help you with today?"
                            ]
                          }
                        ]
                      }
                    ],
                    "return_partial_responses": false,
                    "tag": "",
                    "webhook": ""
                  }
                ]
              },
              {
                "condition": "true",
                "intent": "",
                "name": "6fb03b92-568d-480f-8e87-335b5a8d1607",
                "target_flow": "",
                "target_page": "projects/dialogflow-371521/locations/us-east1/agents/71a127f4-46a9-43ee-89b1-a82cdbf942ef/flows/00000000-0000-0000-0000-000000000000/pages/df20b17b-91ed-48df-9465-27eb234f21e5",
                "trigger_fulfillment": []
              }
            ]
          },
          "sensitive_attributes": [],
          "private": "eyJlMmJmYjczMC1lY2FhLTExZTYtOGY4OC0zNDM2M2JjN2M0YzAiOnsiY3JlYXRlIjoyNDAwMDAwMDAwMDAwLCJkZWxldGUiOjEyMDAwMDAwMDAwMDAsInVwZGF0ZSI6MjQwMDAwMDAwMDAwMH0sInNjaGVtYV92ZXJzaW9uIjoiMCJ9"
        }
      ]
    },
    {
      "mode": "managed",
      "type": "google_dialogflow_cx_page",
      "name": "request",
      "provider": "provider[\"registry.terraform.io/hashicorp/google\"]",
      "instances": [
        {
          "schema_version": 0,
          "attributes": {
            "display_name": "Request",
            "entry_fulfillment": [],
            "event_handlers": [],
            "form": [],
            "id": "projects/dialogflow-371521/locations/us-east1/agents/71a127f4-46a9-43ee-89b1-a82cdbf942ef/flows/00000000-0000-0000-0000-000000000000/pages/df20b17b-91ed-48df-9465-27eb234f21e5",
            "language_code": "",
            "name": "df20b17b-91ed-48df-9465-27eb234f21e5",
            "parent": "projects/dialogflow-371521/locations/us-east1/agents/71a127f4-46a9-43ee-89b1-a82cdbf942ef/flows/00000000-0000-0000-0000-000000000000",
            "timeouts": {
              "create": null,
              "delete": null,
              "update": null
            },
            "transition_route_groups": [
              "projects/dialogflow-371521/locations/us-east1/agents/71a127f4-46a9-43ee-89b1-a82cdbf942ef/flows/00000000-0000-0000-0000-000000000000/transitionRouteGroups/625d5f27-314e-45dd-a24b-1500c6701df8",
              "projects/dialogflow-371521/locations/us-east1/agents/71a127f4-46a9-43ee-89b1-a82cdbf942ef/flows/00000000-0000-0000-0000-000000000000/transitionRouteGroups/88c72b24-fe5c-4ac0-b0f4-b9d4c76d8314",
              "projects/dialogflow-371521/locations/us-east1/agents/71a127f4-46a9-43ee-89b1-a82cdbf942ef/flows/00000000-0000-0000-0000-000000000000/transitionRouteGroups/f6edb5fc-cb11-48f3-8ecb-58c4fc69ecec",
              "projects/dialogflow-371521/locations/us-east1/agents/71a127f4-46a9-43ee-89b1-a82cdbf942ef/flows/00000000-0000-0000-0000-000000000000/transitionRouteGroups/97ae5e89-3d04-4bcd-b14a-a26b9b7e365f",
              "projects/dialogflow-371521/locations/us-east1/agents/71a127f4-46a9-43ee-89b1-a82cdbf942ef/flows/00000000-0000-0000-0000-000000000000/transitionRouteGroups/abec22c6-8527-40c1-9d86-a80dadb7b575",
              "projects/dialogflow-371521/locations/us-east1/agents/71a127f4-46a9-43ee-89b1-a82cdbf942ef/flows/00000000-0000-0000-0000-000000000000/transitionRouteGroups/26b76469-185d-4f6a-92b2-c8b5e43b27e9",
              "projects/dialogflow-371521/locations/us-east1/agents/71a127f4-46a9-43ee-89b1-a82cdbf942ef/flows/00000000-0000-0000-0000-000000000000/transitionRouteGroups/e9d8d883-5ae1-4aca-8505-1362cf3031d5"
            ],
            "transition_routes": [
              {
                "condition": "",
                "intent": "projects/dialogflow-371521/locations/us-east1/agents/71a127f4-46a9-43ee-89b1-a82cdbf942ef/intents/cf62f60f-0348-482e-9e70-170cd27b0fc1",
                "name": "b5e9b58b-9f7e-40f0-b2bd-70e5cdd3c033",
                "target_flow": "",
                "target_page": "projects/dialogflow-371521/locations/us-east1/agents/71a127f4-46a9-43ee-89b1-a82cdbf942ef/flows/00000000-0000-0000-0000-000000000000/pages/END_SESSION",
                "trigger_fulfillment": [
                  {
                    "messages": [
                      {
                        "text": [
                          {
                            "allow_playback_interruption": false,
                            "text": [
                              "You're welcome! Thanks for chatting with me today."
                            ]
                          }
                        ]
                      }
                    ],
                    "return_partial_responses": false,
                    "tag": "",
                    "webhook": ""
                  }
                ]
              },
              {
                "condition": "",
                "intent": "projects/dialogflow-371521/locations/us-east1/agents/71a127f4-46a9-43ee-89b1-a82cdbf942ef/intents/dca73282-4d03-44c2-91c9-a073cb8f172b",
                "name": "ccc5613e-6e1e-4f3a-b67f-18b376bd7837",
                "target_flow": "",
                "target_page": "projects/dialogflow-371521/locations/us-east1/agents/71a127f4-46a9-43ee-89b1-a82cdbf942ef/flows/00000000-0000-0000-0000-000000000000/pages/END_SESSION",
                "trigger_fulfillment": [
                  {
                    "messages": [
                      {
                        "text": [
                          {
                            "allow_playback_interruption": false,
                            "text": [
                              "Thanks for chatting with me today. Goodbye!"
                            ]
                          }
                        ]
                      }
                    ],
                    "return_partial_responses": false,
                    "tag": "",
                    "webhook": ""
                  }
                ]
              },
              {
                "condition": "true",
                "intent": "",
                "name": "7828dadc-2267-486d-a2af-d42b5df2ae4e",
                "target_flow": "",
                "target_page": "",
                "trigger_fulfillment": []
              }
            ]
          },
          "sensitive_attributes": [],
          "private": "eyJlMmJmYjczMC1lY2FhLTExZTYtOGY4OC0zNDM2M2JjN2M0YzAiOnsiY3JlYXRlIjoyNDAwMDAwMDAwMDAwLCJkZWxldGUiOjEyMDAwMDAwMDAwMDAsInVwZGF0ZSI6MjQwMDAwMDAwMDAwMH0sInNjaGVtYV92ZXJzaW9uIjoiMCJ9"
        }
      ]
    },
    {
      "module": "module.dialogflow_intents",
      "mode": "managed",
      "type": "google_dialogflow_cx_intent",
      "name": "default_welcome_intent",
      "provider": "provider[\"registry.terraform.io/hashicorp/google\"]",
      "instances": [
        {
          "schema_version": 0,
          "attributes": {
            "description": "",
            "display_name": "Default Welcome Intent",
            "id": "projects/dialogflow-371521/locations/us-east1/agents/71a127f4-46a9-43ee-89b1-a82cdbf942ef/intents/00000000-0000-0000-0000-000000000000",
            "is_fallback": false,
            "labels": {},
            "language_code": "",
            "name": "00000000-0000-0000-0000-000000000000",
            "parameters": [],
            "parent": "projects/dialogflow-371521/locations/us-east1/agents/71a127f4-46a9-43ee-89b1-a82cdbf942ef",
            "priority": 500000,
            "timeouts": {
              "create": null,
              "delete": null,
              "update": null
            },
            "training_phrases": [
              {
                "id": "19cd2285-4807-4ad5-b313-26f3191310e7",
                "parts": [
                  {
                    "parameter_id": "",
                    "text": "just going to say hi"
                  }
                ],
                "repeat_count": 1
              },
              {
                "id": "59f99b0b-054e-415b-802b-f5901fcaf8c3",
                "parts": [
                  {
                    "parameter_id": "",
                    "text": "heya"
                  }
                ],
                "repeat_count": 1
              },
              {
                "id": "376a304c-7a09-450f-81fb-132344bf596c",
                "parts": [
                  {
                    "parameter_id": "",
                    "text": "hello hi"
                  }
                ],
                "repeat_count": 1
              },
              {
                "id": "6753c566-1f32-4d71-985b-9e358f620788",
                "parts": [
                  {
                    "parameter_id": "",
                    "text": "howdy"
                  }
                ],
                "repeat_count": 1
              },
              {
                "id": "30dd1be3-826d-4636-9b3e-c0c1f416dc7d",
                "parts": [
                  {
                    "parameter_id": "",
                    "text": "hey there"
                  }
                ],
                "repeat_count": 1
              },
              {
                "id": "435d5792-1296-4bac-a262-7cbe1c20dec0",
                "parts": [
                  {
                    "parameter_id": "",
                    "text": "hi there"
                  }
                ],
                "repeat_count": 2
              },
              {
                "id": "11b4c4e6-c028-4593-b535-163684fb2377",
                "parts": [
                  {
                    "parameter_id": "",
                    "text": "greetings"
                  }
                ],
                "repeat_count": 1
              },
              {
                "id": "fc3bf2c2-cd36-4c3e-91d3-2cce33dc1cc4",
                "parts": [
                  {
                    "parameter_id": "",
                    "text": "hey"
                  }
                ],
                "repeat_count": 1
              },
              {
                "id": "e8d1289c-e571-4fa5-bdc3-e4bc15d81ad8",
                "parts": [
                  {
                    "parameter_id": "",
                    "text": "long time no see"
                  }
                ],
                "repeat_count": 1
              },
              {
                "id": "8b39afd7-a382-42ed-8cbd-c37beb39095b",
                "parts": [
                  {
                    "parameter_id": "",
                    "text": "hello"
                  }
                ],
                "repeat_count": 1
              },
              {
                "id": "de648d59-c48d-4aea-95ec-79642dfffa82",
                "parts": [
                  {
                    "parameter_id": "",
                    "text": "lovely day isn't it"
                  }
                ],
                "repeat_count": 1
              },
              {
                "id": "74fb47d3-bcd2-4b31-9f4f-c8b8c30a5b09",
                "parts": [
                  {
                    "parameter_id": "",
                    "text": "I greet you"
                  }
                ],
                "repeat_count": 1
              },
              {
                "id": "a3539278-e2f8-42f3-a310-c40d12a14e79",
                "parts": [
                  {
                    "parameter_id": "",
                    "text": "hello again"
                  }
                ],
                "repeat_count": 1
              },
              {
                "id": "e618b127-711e-437b-8ec5-8f6458d1d888",
                "parts": [
                  {
                    "parameter_id": "",
                    "text": "hi"
                  }
                ],
                "repeat_count": 1
              },
              {
                "id": "b23ecfc4-18a8-48e2-99a9-2d097b9a5bfc",
                "parts": [
                  {
                    "parameter_id": "",
                    "text": "hello there"
                  }
                ],
                "repeat_count": 1
              },
              {
                "id": "2630a51a-822d-4dac-a80f-4c03ac35905a",
                "parts": [
                  {
                    "parameter_id": "",
                    "text": "a good day"
                  }
                ],
                "repeat_count": 1
              }
            ]
          },
          "sensitive_attributes": [],
          "private": "eyJlMmJmYjczMC1lY2FhLTExZTYtOGY4OC0zNDM2M2JjN2M0YzAiOnsiY3JlYXRlIjoyNDAwMDAwMDAwMDAwLCJkZWxldGUiOjEyMDAwMDAwMDAwMDAsInVwZGF0ZSI6MjQwMDAwMDAwMDAwMH0sInNjaGVtYV92ZXJzaW9uIjoiMCJ9"
        }
      ]
    },
    {
      "module": "module.dialogflow_intents",
      "mode": "managed",
      "type": "google_dialogflow_cx_intent",
      "name": "good_evening",
      "provider": "provider[\"registry.terraform.io/hashicorp/google\"]",
      "instances": [
        {
          "schema_version": 0,
          "attributes": {
            "description": "",
            "display_name": "small_talk.greetings.good_evening",
            "id": "projects/dialogflow-371521/locations/us-east1/agents/71a127f4-46a9-43ee-89b1-a82cdbf942ef/intents/b56f10cd-29b4-4b9f-98f5-afb73d1ad913",
            "is_fallback": false,
            "labels": {},
            "language_code": "",
            "name": "b56f10cd-29b4-4b9f-98f5-afb73d1ad913",
            "parameters": [
              {
                "entity_type": "projects/-/locations/-/agents/-/entityTypes/sys.time-period",
                "id": "time-period",
                "is_list": false,
                "redact": false
              }
            ],
            "parent": "projects/dialogflow-371521/locations/us-east1/agents/71a127f4-46a9-43ee-89b1-a82cdbf942ef",
            "priority": 500000,
            "timeouts": {
              "create": null,
              "delete": null,
              "update": null
            },
            "training_phrases": [
              {
                "id": "",
                "parts": [
                  {
                    "parameter_id": "",
                    "text": "good evening everyone"
                  }
                ],
                "repeat_count": 1
              },
              {
                "id": "",
                "parts": [
                  {
                    "parameter_id": "",
                    "text": "hi good evening"
                  }
                ],
                "repeat_count": 1
              },
              {
                "id": "",
                "parts": [
                  {
                    "parameter_id": "",
                    "text": "good evening to you"
                  }
                ],
                "repeat_count": 1
              },
              {
                "id": "",
                "parts": [
                  {
                    "parameter_id": "",
                    "text": "good evening there"
                  }
                ],
                "repeat_count": 1
              },
              {
                "id": "",
                "parts": [
                  {
                    "parameter_id": "",
                    "text": "hello good evening"
                  }
                ],
                "repeat_count": 1
              },
              {
                "id": "",
                "parts": [
                  {
                    "parameter_id": "time-period",
                    "text": "evening"
                  }
                ],
                "repeat_count": 1
              },
              {
                "id": "",
                "parts": [
                  {
                    "parameter_id": "",
                    "text": "hey good evening"
                  }
                ],
                "repeat_count": 1
              },
              {
                "id": "",
                "parts": [
                  {
                    "parameter_id": "",
                    "text": "good evening"
                  }
                ],
                "repeat_count": 1
              }
            ]
          },
          "sensitive_attributes": [],
          "private": "eyJlMmJmYjczMC1lY2FhLTExZTYtOGY4OC0zNDM2M2JjN2M0YzAiOnsiY3JlYXRlIjoyNDAwMDAwMDAwMDAwLCJkZWxldGUiOjEyMDAwMDAwMDAwMDAsInVwZGF0ZSI6MjQwMDAwMDAwMDAwMH0sInNjaGVtYV92ZXJzaW9uIjoiMCJ9"
        }
      ]
    },
    {
      "module": "module.dialogflow_intents",
      "mode": "managed",
      "type": "google_dialogflow_cx_intent",
      "name": "good_morning",
      "provider": "provider[\"registry.terraform.io/hashicorp/google\"]",
      "instances": [
        {
          "schema_version": 0,
          "attributes": {
            "description": "",
            "display_name": "small_talk.greetings.good_morning",
            "id": "projects/dialogflow-371521/locations/us-east1/agents/71a127f4-46a9-43ee-89b1-a82cdbf942ef/intents/deb24824-d38f-43ce-8938-760b4f55ea12",
            "is_fallback": false,
            "labels": {},
            "language_code": "",
            "name": "deb24824-d38f-43ce-8938-760b4f55ea12",
            "parameters": [],
            "parent": "projects/dialogflow-371521/locations/us-east1/agents/71a127f4-46a9-43ee-89b1-a82cdbf942ef",
            "priority": 500000,
            "timeouts": {
              "create": null,
              "delete": null,
              "update": null
            },
            "training_phrases": [
              {
                "id": "",
                "parts": [
                  {
                    "parameter_id": "",
                    "text": "top of the morning to you"
                  }
                ],
                "repeat_count": 1
              },
              {
                "id": "",
                "parts": [
                  {
                    "parameter_id": "",
                    "text": "good morning too"
                  }
                ],
                "repeat_count": 1
              },
              {
                "id": "",
                "parts": [
                  {
                    "parameter_id": "",
                    "text": "have a nice morning"
                  }
                ],
                "repeat_count": 1
              },
              {
                "id": "",
                "parts": [
                  {
                    "parameter_id": "",
                    "text": "hello good morning"
                  }
                ],
                "repeat_count": 1
              },
              {
                "id": "",
                "parts": [
                  {
                    "parameter_id": "",
                    "text": "hi good morning"
                  }
                ],
                "repeat_count": 1
              },
              {
                "id": "",
                "parts": [
                  {
                    "parameter_id": "",
                    "text": "good morning there"
                  }
                ],
                "repeat_count": 1
              },
              {
                "id": "",
                "parts": [
                  {
                    "parameter_id": "",
                    "text": "good morning to you"
                  }
                ],
                "repeat_count": 3
              },
              {
                "id": "",
                "parts": [
                  {
                    "parameter_id": "",
                    "text": "good morning"
                  }
                ],
                "repeat_count": 1
              },
              {
                "id": "",
                "parts": [
                  {
                    "parameter_id": "",
                    "text": "a good morning"
                  }
                ],
                "repeat_count": 1
              },
              {
                "id": "",
                "parts": [
                  {
                    "parameter_id": "",
                    "text": "have a great morning"
                  }
                ],
                "repeat_count": 1
              },
              {
                "id": "",
                "parts": [
                  {
                    "parameter_id": "",
                    "text": "and a good morning to you"
                  }
                ],
                "repeat_count": 1
              },
              {
                "id": "",
                "parts": [
                  {
                    "parameter_id": "",
                    "text": "morning"
                  }
                ],
                "repeat_count": 1
              }
            ]
          },
          "sensitive_attributes": [],
          "private": "eyJlMmJmYjczMC1lY2FhLTExZTYtOGY4OC0zNDM2M2JjN2M0YzAiOnsiY3JlYXRlIjoyNDAwMDAwMDAwMDAwLCJkZWxldGUiOjEyMDAwMDAwMDAwMDAsInVwZGF0ZSI6MjQwMDAwMDAwMDAwMH0sInNjaGVtYV92ZXJzaW9uIjoiMCJ9"
        }
      ]
    },
    {
      "module": "module.dialogflow_intents",
      "mode": "managed",
      "type": "google_dialogflow_cx_intent",
      "name": "hello",
      "provider": "provider[\"registry.terraform.io/hashicorp/google\"]",
      "instances": [
        {
          "schema_version": 0,
          "attributes": {
            "description": "",
            "display_name": "small_talk.greetings.hello",
            "id": "projects/dialogflow-371521/locations/us-east1/agents/71a127f4-46a9-43ee-89b1-a82cdbf942ef/intents/9832593b-3df1-4702-a763-429550d8fa1c",
            "is_fallback": false,
            "labels": {},
            "language_code": "",
            "name": "9832593b-3df1-4702-a763-429550d8fa1c",
            "parameters": [
              {
                "entity_type": "projects/-/locations/-/agents/-/entityTypes/sys.time-period",
                "id": "time-period",
                "is_list": false,
                "redact": false
              }
            ],
            "parent": "projects/dialogflow-371521/locations/us-east1/agents/71a127f4-46a9-43ee-89b1-a82cdbf942ef",
            "priority": 500000,
            "timeouts": {
              "create": null,
              "delete": null,
              "update": null
            },
            "training_phrases": [
              {
                "id": "",
                "parts": [
                  {
                    "parameter_id": "",
                    "text": "hi"
                  }
                ],
                "repeat_count": 1
              },
              {
                "id": "",
                "parts": [
                  {
                    "parameter_id": "",
                    "text": "hi there"
                  }
                ],
                "repeat_count": 3
              },
              {
                "id": "",
                "parts": [
                  {
                    "parameter_id": "",
                    "text": "howdy"
                  }
                ],
                "repeat_count": 1
              },
              {
                "id": "",
                "parts": [
                  {
                    "parameter_id": "",
                    "text": "lovely day isn't it"
                  }
                ],
                "repeat_count": 1
              },
              {
                "id": "",
                "parts": [
                  {
                    "parameter_id": "",
                    "text": "I greet you"
                  }
                ],
                "repeat_count": 1
              },
              {
                "id": "",
                "parts": [
                  {
                    "parameter_id": "",
                    "text": "hey"
                  }
                ],
                "repeat_count": 1
              },
              {
                "id": "",
                "parts": [
                  {
                    "parameter_id": "",
                    "text": "hello hi"
                  }
                ],
                "repeat_count": 1
              },
              {
                "id": "",
                "parts": [
                  {
                    "parameter_id": "",
                    "text": "hello there"
                  }
                ],
                "repeat_count": 1
              },
              {
                "id": "",
                "parts": [
                  {
                    "parameter_id": "time-period",
                    "text": "afternoon"
                  }
                ],
                "repeat_count": 1
              }
            ]
          },
          "sensitive_attributes": [],
          "private": "eyJlMmJmYjczMC1lY2FhLTExZTYtOGY4OC0zNDM2M2JjN2M0YzAiOnsiY3JlYXRlIjoyNDAwMDAwMDAwMDAwLCJkZWxldGUiOjEyMDAwMDAwMDAwMDAsInVwZGF0ZSI6MjQwMDAwMDAwMDAwMH0sInNjaGVtYV92ZXJzaW9uIjoiMCJ9"
        }
      ]
    },
    {
      "module": "module.dialogflow_intents",
      "mode": "managed",
      "type": "google_dialogflow_cx_intent",
      "name": "thank_you",
      "provider": "provider[\"registry.terraform.io/hashicorp/google\"]",
      "instances": [
        {
          "schema_version": 0,
          "attributes": {
            "description": "",
            "display_name": "small_talk.appraisal.thank_you",
            "id": "projects/dialogflow-371521/locations/us-east1/agents/71a127f4-46a9-43ee-89b1-a82cdbf942ef/intents/cf62f60f-0348-482e-9e70-170cd27b0fc1",
            "is_fallback": false,
            "labels": {},
            "language_code": "",
            "name": "cf62f60f-0348-482e-9e70-170cd27b0fc1",
            "parameters": [],
            "parent": "projects/dialogflow-371521/locations/us-east1/agents/71a127f4-46a9-43ee-89b1-a82cdbf942ef",
            "priority": 500000,
            "timeouts": {
              "create": null,
              "delete": null,
              "update": null
            },
            "training_phrases": [
              {
                "id": "",
                "parts": [
                  {
                    "parameter_id": "",
                    "text": "well thanks"
                  }
                ],
                "repeat_count": 3
              },
              {
                "id": "",
                "parts": [
                  {
                    "parameter_id": "",
                    "text": "so nice of you"
                  }
                ],
                "repeat_count": 1
              },
              {
                "id": "",
                "parts": [
                  {
                    "parameter_id": "",
                    "text": "alright thank you"
                  }
                ],
                "repeat_count": 1
              },
              {
                "id": "",
                "parts": [
                  {
                    "parameter_id": "",
                    "text": "thanks"
                  }
                ],
                "repeat_count": 1
              },
              {
                "id": "",
                "parts": [
                  {
                    "parameter_id": "",
                    "text": "I appreciate it"
                  }
                ],
                "repeat_count": 1
              },
              {
                "id": "",
                "parts": [
                  {
                    "parameter_id": "",
                    "text": "nice thank you"
                  }
                ],
                "repeat_count": 1
              },
              {
                "id": "",
                "parts": [
                  {
                    "parameter_id": "",
                    "text": "thanks love"
                  }
                ],
                "repeat_count": 1
              },
              {
                "id": "",
                "parts": [
                  {
                    "parameter_id": "",
                    "text": "thanks for your help"
                  }
                ],
                "repeat_count": 1
              },
              {
                "id": "",
                "parts": [
                  {
                    "parameter_id": "",
                    "text": "thanks a lot"
                  }
                ],
                "repeat_count": 1
              },
              {
                "id": "",
                "parts": [
                  {
                    "parameter_id": "",
                    "text": "you helped a lot thank you"
                  }
                ],
                "repeat_count": 1
              },
              {
                "id": "",
                "parts": [
                  {
                    "parameter_id": "",
                    "text": "thnx"
                  }
                ],
                "repeat_count": 1
              },
              {
                "id": "",
                "parts": [
                  {
                    "parameter_id": "",
                    "text": "alright thanks"
                  }
                ],
                "repeat_count": 1
              },
              {
                "id": "",
                "parts": [
                  {
                    "parameter_id": "",
                    "text": "perfect thank you"
                  }
                ],
                "repeat_count": 1
              },
              {
                "id": "",
                "parts": [
                  {
                    "parameter_id": "",
                    "text": "thank you again"
                  }
                ],
                "repeat_count": 1
              },
              {
                "id": "",
                "parts": [
                  {
                    "parameter_id": "",
                    "text": "great thank you"
                  }
                ],
                "repeat_count": 1
              },
              {
                "id": "",
                "parts": [
                  {
                    "parameter_id": "",
                    "text": "thank you that will be all"
                  }
                ],
                "repeat_count": 1
              },
              {
                "id": "",
                "parts": [
                  {
                    "parameter_id": "",
                    "text": "thanks again"
                  }
                ],
                "repeat_count": 1
              },
              {
                "id": "",
                "parts": [
                  {
                    "parameter_id": "",
                    "text": "all thank you"
                  }
                ],
                "repeat_count": 1
              },
              {
                "id": "",
                "parts": [
                  {
                    "parameter_id": "",
                    "text": "thank you for your help"
                  }
                ],
                "repeat_count": 1
              },
              {
                "id": "",
                "parts": [
                  {
                    "parameter_id": "",
                    "text": "thank you so much"
                  }
                ],
                "repeat_count": 1
              },
              {
                "id": "",
                "parts": [
                  {
                    "parameter_id": "",
                    "text": "terrific thank you"
                  }
                ],
                "repeat_count": 1
              },
              {
                "id": "",
                "parts": [
                  {
                    "parameter_id": "",
                    "text": "appreciate your help"
                  }
                ],
                "repeat_count": 1
              },
              {
                "id": "",
                "parts": [
                  {
                    "parameter_id": "",
                    "text": "well thank you"
                  }
                ],
                "repeat_count": 1
              },
              {
                "id": "",
                "parts": [
                  {
                    "parameter_id": "",
                    "text": "thank you"
                  }
                ],
                "repeat_count": 3
              },
              {
                "id": "",
                "parts": [
                  {
                    "parameter_id": "",
                    "text": "I thank you"
                  }
                ],
                "repeat_count": 1
              },
              {
                "id": "",
                "parts": [
                  {
                    "parameter_id": "",
                    "text": "thanks buddy"
                  }
                ],
                "repeat_count": 1
              },
              {
                "id": "",
                "parts": [
                  {
                    "parameter_id": "",
                    "text": "thanx"
                  }
                ],
                "repeat_count": 1
              },
              {
                "id": "",
                "parts": [
                  {
                    "parameter_id": "",
                    "text": "very good thank you"
                  }
                ],
                "repeat_count": 1
              },
              {
                "id": "",
                "parts": [
                  {
                    "parameter_id": "",
                    "text": "thanks so much"
                  }
                ],
                "repeat_count": 1
              },
              {
                "id": "",
                "parts": [
                  {
                    "parameter_id": "",
                    "text": "no thank you that's all"
                  }
                ],
                "repeat_count": 1
              },
              {
                "id": "",
                "parts": [
                  {
                    "parameter_id": "",
                    "text": "cheers"
                  }
                ],
                "repeat_count": 1
              },
              {
                "id": "",
                "parts": [
                  {
                    "parameter_id": "",
                    "text": "good thanks"
                  }
                ],
                "repeat_count": 1
              }
            ]
          },
          "sensitive_attributes": [],
          "private": "eyJlMmJmYjczMC1lY2FhLTExZTYtOGY4OC0zNDM2M2JjN2M0YzAiOnsiY3JlYXRlIjoyNDAwMDAwMDAwMDAwLCJkZWxldGUiOjEyMDAwMDAwMDAwMDAsInVwZGF0ZSI6MjQwMDAwMDAwMDAwMH0sInNjaGVtYV92ZXJzaW9uIjoiMCJ9"
        }
      ]
    }
  ],
  "check_results": null
}
